
Microsoft Visual Studio Solution File, Format Version 12.00
Project("{FAE04EC0-301F-11D3-BF4B-00C04F79EFBC}") = "Main", "Main\Main.csproj", "{511B5C3D-5419-43FC-82AB-BD78CF078D26}"
EndProject
Project("{FAE04EC0-301F-11D3-BF4B-00C04F79EFBC}") = "Entity", "Entity\Entity.csproj", "{21F562BB-9366-4619-8D02-6D9D3E6816C7}"
EndProject
Project("{FAE04EC0-301F-11D3-BF4B-00C04F79EFBC}") = "Hotfix", "Hotfix\Hotfix.csproj", "{04FA754F-1346-42E1-B8BC-7E78FFCCE62E}"
EndProject
Global
	GlobalSection(SolutionConfigurationPlatforms) = preSolution
		Debug|Any CPU = Debug|Any CPU
		Release|Any CPU = Release|Any CPU
	EndGlobalSection
	GlobalSection(ProjectConfigurationPlatforms) = postSolution
		{511B5C3D-5419-43FC-82AB-BD78CF078D26}.Debug|Any CPU.ActiveCfg = Debug|Any CPU
		{511B5C3D-5419-43FC-82AB-BD78CF078D26}.Debug|Any CPU.Build.0 = Debug|Any CPU
		{511B5C3D-5419-43FC-82AB-BD78CF078D26}.Release|Any CPU.ActiveCfg = Release|Any CPU
		{511B5C3D-5419-43FC-82AB-BD78CF078D26}.Release|Any CPU.Build.0 = Release|Any CPU
		{21F562BB-9366-4619-8D02-6D9D3E6816C7}.Debug|Any CPU.ActiveCfg = Debug|Any CPU
		{21F562BB-9366-4619-8D02-6D9D3E6816C7}.Debug|Any CPU.Build.0 = Debug|Any CPU
		{21F562BB-9366-4619-8D02-6D9D3E6816C7}.Release|Any CPU.ActiveCfg = Release|Any CPU
		{21F562BB-9366-4619-8D02-6D9D3E6816C7}.Release|Any CPU.Build.0 = Release|Any CPU
		{04FA754F-1346-42E1-B8BC-7E78FFCCE62E}.Debug|Any CPU.ActiveCfg = Debug|Any CPU
		{04FA754F-1346-42E1-B8BC-7E78FFCCE62E}.Debug|Any CPU.Build.0 = Debug|Any CPU
		{04FA754F-1346-42E1-B8BC-7E78FFCCE62E}.Release|Any CPU.ActiveCfg = Release|Any CPU
		{04FA754F-1346-42E1-B8BC-7E78FFCCE62E}.Release|Any CPU.Build.0 = Release|Any CPU
	EndGlobalSection
EndGlobal
